// !$*UTF8*$!
{
	archiveVersion = 1;
	classes = {
	};
	objectVersion = 50;
	objects = {

/* Begin PBXBuildFile section */
		A49FB675213D1FFB00DEFF43 /* AppDelegate.swift in Sources */ = {isa = PBXBuildFile; fileRef = A49FB674213D1FFB00DEFF43 /* AppDelegate.swift */; };
		A49FB677213D1FFB00DEFF43 /* ViewController.swift in Sources */ = {isa = PBXBuildFile; fileRef = A49FB676213D1FFB00DEFF43 /* ViewController.swift */; };
		A49FB67A213D1FFB00DEFF43 /* Main.storyboard in Resources */ = {isa = PBXBuildFile; fileRef = A49FB678213D1FFB00DEFF43 /* Main.storyboard */; };
		A49FB67C213D1FFD00DEFF43 /* Assets.xcassets in Resources */ = {isa = PBXBuildFile; fileRef = A49FB67B213D1FFD00DEFF43 /* Assets.xcassets */; };
		A49FB67F213D1FFD00DEFF43 /* LaunchScreen.storyboard in Resources */ = {isa = PBXBuildFile; fileRef = A49FB67D213D1FFD00DEFF43 /* LaunchScreen.storyboard */; };
		A49FB68A213D1FFD00DEFF43 /* Tumblr_Feed_CodePathTests.swift in Sources */ = {isa = PBXBuildFile; fileRef = A49FB689213D1FFD00DEFF43 /* Tumblr_Feed_CodePathTests.swift */; };
		A49FB695213D1FFD00DEFF43 /* Tumblr_Feed_CodePathUITests.swift in Sources */ = {isa = PBXBuildFile; fileRef = A49FB694213D1FFD00DEFF43 /* Tumblr_Feed_CodePathUITests.swift */; };
/* End PBXBuildFile section */

/* Begin PBXContainerItemProxy section */
		A49FB686213D1FFD00DEFF43 /* PBXContainerItemProxy */ = {
			isa = PBXContainerItemProxy;
			containerPortal = A49FB669213D1FFB00DEFF43 /* Project object */;
			proxyType = 1;
			remoteGlobalIDString = A49FB670213D1FFB00DEFF43;
			remoteInfo = "Tumblr-Feed_CodePath";
		};
		A49FB691213D1FFD00DEFF43 /* PBXContainerItemProxy */ = {
			isa = PBXContainerItemProxy;
			containerPortal = A49FB669213D1FFB00DEFF43 /* Project object */;
			proxyType = 1;
			remoteGlobalIDString = A49FB670213D1FFB00DEFF43;
			remoteInfo = "Tumblr-Feed_CodePath";
		};
/* End PBXContainerItemProxy section */

/* Begin PBXFileReference section */
		A49FB671213D1FFB00DEFF43 /* Tumblr-Feed_CodePath.app */ = {isa = PBXFileReference; explicitFileType = wrapper.application; includeInIndex = 0; path = "Tumblr-Feed_CodePath.app"; sourceTree = BUILT_PRODUCTS_DIR; };
		A49FB674213D1FFB00DEFF43 /* AppDelegate.swift */ = {isa = PBXFileReference; lastKnownFileType = sourcecode.swift; path = AppDelegate.swift; sourceTree = "<group>"; };
		A49FB676213D1FFB00DEFF43 /* ViewController.swift */ = {isa = PBXFileReference; lastKnownFileType = sourcecode.swift; path = ViewController.swift; sourceTree = "<group>"; };
		A49FB679213D1FFB00DEFF43 /* Base */ = {isa = PBXFileReference; lastKnownFileType = file.storyboard; name = Base; path = Base.lproj/Main.storyboard; sourceTree = "<group>"; };
		A49FB67B213D1FFD00DEFF43 /* Assets.xcassets */ = {isa = PBXFileReference; lastKnownFileType = folder.assetcatalog; path = Assets.xcassets; sourceTree = "<group>"; };
		A49FB67E213D1FFD00DEFF43 /* Base */ = {isa = PBXFileReference; lastKnownFileType = file.storyboard; name = Base; path = Base.lproj/LaunchScreen.storyboard; sourceTree = "<group>"; };
		A49FB680213D1FFD00DEFF43 /* Info.plist */ = {isa = PBXFileReference; lastKnownFileType = text.plist.xml; path = Info.plist; sourceTree = "<group>"; };
		A49FB685213D1FFD00DEFF43 /* Tumblr-Feed_CodePathTests.xctest */ = {isa = PBXFileReference; explicitFileType = wrapper.cfbundle; includeInIndex = 0; path = "Tumblr-Feed_CodePathTests.xctest"; sourceTree = BUILT_PRODUCTS_DIR; };
		A49FB689213D1FFD00DEFF43 /* Tumblr_Feed_CodePathTests.swift */ = {isa = PBXFileReference; lastKnownFileType = sourcecode.swift; path = Tumblr_Feed_CodePathTests.swift; sourceTree = "<group>"; };
		A49FB68B213D1FFD00DEFF43 /* Info.plist */ = {isa = PBXFileReference; lastKnownFileType = text.plist.xml; path = Info.plist; sourceTree = "<group>"; };
		A49FB690213D1FFD00DEFF43 /* Tumblr-Feed_CodePathUITests.xctest */ = {isa = PBXFileReference; explicitFileType = wrapper.cfbundle; includeInIndex = 0; path = "Tumblr-Feed_CodePathUITests.xctest"; sourceTree = BUILT_PRODUCTS_DIR; };
		A49FB694213D1FFD00DEFF43 /* Tumblr_Feed_CodePathUITests.swift */ = {isa = PBXFileReference; lastKnownFileType = sourcecode.swift; path = Tumblr_Feed_CodePathUITests.swift; sourceTree = "<group>"; };
		A49FB696213D1FFD00DEFF43 /* Info.plist */ = {isa = PBXFileReference; lastKnownFileType = text.plist.xml; path = Info.plist; sourceTree = "<group>"; };
/* End PBXFileReference section */

/* Begin PBXFrameworksBuildPhase section */
		A49FB66E213D1FFB00DEFF43 /* Frameworks */ = {
			isa = PBXFrameworksBuildPhase;
			buildActionMask = 2147483647;
			files = (
			);
			runOnlyForDeploymentPostprocessing = 0;
		};
		A49FB682213D1FFD00DEFF43 /* Frameworks */ = {
			isa = PBXFrameworksBuildPhase;
			buildActionMask = 2147483647;
			files = (
			);
			runOnlyForDeploymentPostprocessing = 0;
		};
		A49FB68D213D1FFD00DEFF43 /* Frameworks */ = {
			isa = PBXFrameworksBuildPhase;
			buildActionMask = 2147483647;
			files = (
			);
			runOnlyForDeploymentPostprocessing = 0;
		};
/* End PBXFrameworksBuildPhase section */

/* Begin PBXGroup section */
		A49FB668213D1FFB00DEFF43 = {
			isa = PBXGroup;
			children = (
				A49FB673213D1FFB00DEFF43 /* Tumblr-Feed_CodePath */,
				A49FB688213D1FFD00DEFF43 /* Tumblr-Feed_CodePathTests */,
				A49FB693213D1FFD00DEFF43 /* Tumblr-Feed_CodePathUITests */,
				A49FB672213D1FFB00DEFF43 /* Products */,
			);
			sourceTree = "<group>";
		};
		A49FB672213D1FFB00DEFF43 /* Products */ = {
			isa = PBXGroup;
			children = (
				A49FB671213D1FFB00DEFF43 /* Tumblr-Feed_CodePath.app */,
				A49FB685213D1FFD00DEFF43 /* Tumblr-Feed_CodePathTests.xctest */,
				A49FB690213D1FFD00DEFF43 /* Tumblr-Feed_CodePathUITests.xctest */,
			);
			name = Products;
			sourceTree = "<group>";
		};
		A49FB673213D1FFB00DEFF43 /* Tumblr-Feed_CodePath */ = {
			isa = PBXGroup;
			children = (
				A49FB674213D1FFB00DEFF43 /* AppDelegate.swift */,
				A49FB676213D1FFB00DEFF43 /* ViewController.swift */,
				A49FB678213D1FFB00DEFF43 /* Main.storyboard */,
				A49FB67B213D1FFD00DEFF43 /* Assets.xcassets */,
				A49FB67D213D1FFD00DEFF43 /* LaunchScreen.storyboard */,
				A49FB680213D1FFD00DEFF43 /* Info.plist */,
			);
			path = "Tumblr-Feed_CodePath";
			sourceTree = "<group>";
		};
		A49FB688213D1FFD00DEFF43 /* Tumblr-Feed_CodePathTests */ = {
			isa = PBXGroup;
			children = (
				A49FB689213D1FFD00DEFF43 /* Tumblr_Feed_CodePathTests.swift */,
				A49FB68B213D1FFD00DEFF43 /* Info.plist */,
			);
			path = "Tumblr-Feed_CodePathTests";
			sourceTree = "<group>";
		};
		A49FB693213D1FFD00DEFF43 /* Tumblr-Feed_CodePathUITests */ = {
			isa = PBXGroup;
			children = (
				A49FB694213D1FFD00DEFF43 /* Tumblr_Feed_CodePathUITests.swift */,
				A49FB696213D1FFD00DEFF43 /* Info.plist */,
			);
			path = "Tumblr-Feed_CodePathUITests";
			sourceTree = "<group>";
		};
/* End PBXGroup section */

/* Begin PBXNativeTarget section */
		A49FB670213D1FFB00DEFF43 /* Tumblr-Feed_CodePath */ = {
			isa = PBXNativeTarget;
			buildConfigurationList = A49FB699213D1FFD00DEFF43 /* Build configuration list for PBXNativeTarget "Tumblr-Feed_CodePath" */;
			buildPhases = (
				A49FB66D213D1FFB00DEFF43 /* Sources */,
				A49FB66E213D1FFB00DEFF43 /* Frameworks */,
				A49FB66F213D1FFB00DEFF43 /* Resources */,
			);
			buildRules = (
			);
			dependencies = (
			);
			name = "Tumblr-Feed_CodePath";
			productName = "Tumblr-Feed_CodePath";
			productReference = A49FB671213D1FFB00DEFF43 /* Tumblr-Feed_CodePath.app */;
			productType = "com.apple.product-type.application";
		};
		A49FB684213D1FFD00DEFF43 /* Tumblr-Feed_CodePathTests */ = {
			isa = PBXNativeTarget;
			buildConfigurationList = A49FB69C213D1FFD00DEFF43 /* Build configuration list for PBXNativeTarget "Tumblr-Feed_CodePathTests" */;
			buildPhases = (
				A49FB681213D1FFD00DEFF43 /* Sources */,
				A49FB682213D1FFD00DEFF43 /* Frameworks */,
				A49FB683213D1FFD00DEFF43 /* Resources */,
			);
			buildRules = (
			);
			dependencies = (
				A49FB687213D1FFD00DEFF43 /* PBXTargetDependency */,
			);
			name = "Tumblr-Feed_CodePathTests";
			productName = "Tumblr-Feed_CodePathTests";
			productReference = A49FB685213D1FFD00DEFF43 /* Tumblr-Feed_CodePathTests.xctest */;
			productType = "com.apple.product-type.bundle.unit-test";
		};
		A49FB68F213D1FFD00DEFF43 /* Tumblr-Feed_CodePathUITests */ = {
			isa = PBXNativeTarget;
			buildConfigurationList = A49FB69F213D1FFD00DEFF43 /* Build configuration list for PBXNativeTarget "Tumblr-Feed_CodePathUITests" */;
			buildPhases = (
				A49FB68C213D1FFD00DEFF43 /* Sources */,
				A49FB68D213D1FFD00DEFF43 /* Frameworks */,
				A49FB68E213D1FFD00DEFF43 /* Resources */,
			);
			buildRules = (
			);
			dependencies = (
				A49FB692213D1FFD00DEFF43 /* PBXTargetDependency */,
			);
			name = "Tumblr-Feed_CodePathUITests";
			productName = "Tumblr-Feed_CodePathUITests";
			productReference = A49FB690213D1FFD00DEFF43 /* Tumblr-Feed_CodePathUITests.xctest */;
			productType = "com.apple.product-type.bundle.ui-testing";
		};
/* End PBXNativeTarget section */

/* Begin PBXProject section */
		A49FB669213D1FFB00DEFF43 /* Project object */ = {
			isa = PBXProject;
			attributes = {
				LastSwiftUpdateCheck = 0940;
				LastUpgradeCheck = 0940;
				ORGANIZATIONNAME = "SiuChun Kung";
				TargetAttributes = {
					A49FB670213D1FFB00DEFF43 = {
						CreatedOnToolsVersion = 9.4.1;
					};
					A49FB684213D1FFD00DEFF43 = {
						CreatedOnToolsVersion = 9.4.1;
						TestTargetID = A49FB670213D1FFB00DEFF43;
					};
					A49FB68F213D1FFD00DEFF43 = {
						CreatedOnToolsVersion = 9.4.1;
						TestTargetID = A49FB670213D1FFB00DEFF43;
					};
				};
			};
			buildConfigurationList = A49FB66C213D1FFB00DEFF43 /* Build configuration list for PBXProject "Tumblr-Feed_CodePath" */;
			compatibilityVersion = "Xcode 9.3";
			developmentRegion = en;
			hasScannedForEncodings = 0;
			knownRegions = (
				en,
				Base,
			);
			mainGroup = A49FB668213D1FFB00DEFF43;
			productRefGroup = A49FB672213D1FFB00DEFF43 /* Products */;
			projectDirPath = "";
			projectRoot = "";
			targets = (
				A49FB670213D1FFB00DEFF43 /* Tumblr-Feed_CodePath */,
				A49FB684213D1FFD00DEFF43 /* Tumblr-Feed_CodePathTests */,
				A49FB68F213D1FFD00DEFF43 /* Tumblr-Feed_CodePathUITests */,
			);
		};
/* End PBXProject section */

/* Begin PBXResourcesBuildPhase section */
		A49FB66F213D1FFB00DEFF43 /* Resources */ = {
			isa = PBXResourcesBuildPhase;
			buildActionMask = 2147483647;
			files = (
				A49FB67F213D1FFD00DEFF43 /* LaunchScreen.storyboard in Resources */,
				A49FB67C213D1FFD00DEFF43 /* Assets.xcassets in Resources */,
				A49FB67A213D1FFB00DEFF43 /* Main.storyboard in Resources */,
			);
			runOnlyForDeploymentPostprocessing = 0;
		};
		A49FB683213D1FFD00DEFF43 /* Resources */ = {
			isa = PBXResourcesBuildPhase;
			buildActionMask = 2147483647;
			files = (
			);
			runOnlyForDeploymentPostprocessing = 0;
		};
		A49FB68E213D1FFD00DEFF43 /* Resources */ = {
			isa = PBXResourcesBuildPhase;
			buildActionMask = 2147483647;
			files = (
			);
			runOnlyForDeploymentPostprocessing = 0;
		};
/* End PBXResourcesBuildPhase section */

/* Begin PBXSourcesBuildPhase section */
		A49FB66D213D1FFB00DEFF43 /* Sources */ = {
			isa = PBXSourcesBuildPhase;
			buildActionMask = 2147483647;
			files = (
				A49FB677213D1FFB00DEFF43 /* ViewController.swift in Sources */,
				A49FB675213D1FFB00DEFF43 /* AppDelegate.swift in Sources */,
			);
			runOnlyForDeploymentPostprocessing = 0;
		};
		A49FB681213D1FFD00DEFF43 /* Sources */ = {
			isa = PBXSourcesBuildPhase;
			buildActionMask = 2147483647;
			files = (
				A49FB68A213D1FFD00DEFF43 /* Tumblr_Feed_CodePathTests.swift in Sources */,
			);
			runOnlyForDeploymentPostprocessing = 0;
		};
		A49FB68C213D1FFD00DEFF43 /* Sources */ = {
			isa = PBXSourcesBuildPhase;
			buildActionMask = 2147483647;
			files = (
				A49FB695213D1FFD00DEFF43 /* Tumblr_Feed_CodePathUITests.swift in Sources */,
			);
			runOnlyForDeploymentPostprocessing = 0;
		};
/* End PBXSourcesBuildPhase section */

/* Begin PBXTargetDependency section */
		A49FB687213D1FFD00DEFF43 /* PBXTargetDependency */ = {
			isa = PBXTargetDependency;
			target = A49FB670213D1FFB00DEFF43 /* Tumblr-Feed_CodePath */;
			targetProxy = A49FB686213D1FFD00DEFF43 /* PBXContainerItemProxy */;
		};
		A49FB692213D1FFD00DEFF43 /* PBXTargetDependency */ = {
			isa = PBXTargetDependency;
			target = A49FB670213D1FFB00DEFF43 /* Tumblr-Feed_CodePath */;
			targetProxy = A49FB691213D1FFD00DEFF43 /* PBXContainerItemProxy */;
		};
/* End PBXTargetDependency section */

/* Begin PBXVariantGroup section */
		A49FB678213D1FFB00DEFF43 /* Main.storyboard */ = {
			isa = PBXVariantGroup;
			children = (
				A49FB679213D1FFB00DEFF43 /* Base */,
			);
			name = Main.storyboard;
			sourceTree = "<group>";
		};
		A49FB67D213D1FFD00DEFF43 /* LaunchScreen.storyboard */ = {
			isa = PBXVariantGroup;
			children = (
				A49FB67E213D1FFD00DEFF43 /* Base */,
			);
			name = LaunchScreen.storyboard;
			sourceTree = "<group>";
		};
/* End PBXVariantGroup section */

/* Begin XCBuildConfiguration section */
		A49FB697213D1FFD00DEFF43 /* Debug */ = {
			isa = XCBuildConfiguration;
			buildSettings = {
				ALWAYS_SEARCH_USER_PATHS = NO;
				CLANG_ANALYZER_NONNULL = YES;
				CLANG_ANALYZER_NUMBER_OBJECT_CONVERSION = YES_AGGRESSIVE;
				CLANG_CXX_LANGUAGE_STANDARD = "gnu++14";
				CLANG_CXX_LIBRARY = "libc++";
				CLANG_ENABLE_MODULES = YES;
				CLANG_ENABLE_OBJC_ARC = YES;
				CLANG_ENABLE_OBJC_WEAK = YES;
				CLANG_WARN_BLOCK_CAPTURE_AUTORELEASING = YES;
				CLANG_WARN_BOOL_CONVERSION = YES;
				CLANG_WARN_COMMA = YES;
				CLANG_WARN_CONSTANT_CONVERSION = YES;
				CLANG_WARN_DEPRECATED_OBJC_IMPLEMENTATIONS = YES;
				CLANG_WARN_DIRECT_OBJC_ISA_USAGE = YES_ERROR;
				CLANG_WARN_DOCUMENTATION_COMMENTS = YES;
				CLANG_WARN_EMPTY_BODY = YES;
				CLANG_WARN_ENUM_CONVERSION = YES;
				CLANG_WARN_INFINITE_RECURSION = YES;
				CLANG_WARN_INT_CONVERSION = YES;
				CLANG_WARN_NON_LITERAL_NULL_CONVERSION = YES;
				CLANG_WARN_OBJC_IMPLICIT_RETAIN_SELF = YES;
				CLANG_WARN_OBJC_LITERAL_CONVERSION = YES;
				CLANG_WARN_OBJC_ROOT_CLASS = YES_ERROR;
				CLANG_WARN_RANGE_LOOP_ANALYSIS = YES;
				CLANG_WARN_STRICT_PROTOTYPES = YES;
				CLANG_WARN_SUSPICIOUS_MOVE = YES;
				CLANG_WARN_UNGUARDED_AVAILABILITY = YES_AGGRESSIVE;
				CLANG_WARN_UNREACHABLE_CODE = YES;
				CLANG_WARN__DUPLICATE_METHOD_MATCH = YES;
				CODE_SIGN_IDENTITY = "iPhone Developer";
				COPY_PHASE_STRIP = NO;
				DEBUG_INFORMATION_FORMAT = dwarf;
				ENABLE_STRICT_OBJC_MSGSEND = YES;
				ENABLE_TESTABILITY = YES;
				GCC_C_LANGUAGE_STANDARD = gnu11;
				GCC_DYNAMIC_NO_PIC = NO;
				GCC_NO_COMMON_BLOCKS = YES;
				GCC_OPTIMIZATION_LEVEL = 0;
				GCC_PREPROCESSOR_DEFINITIONS = (
					"DEBUG=1",
					"$(inherited)",
				);
				GCC_WARN_64_TO_32_BIT_CONVERSION = YES;
				GCC_WARN_ABOUT_RETURN_TYPE = YES_ERROR;
				GCC_WARN_UNDECLARED_SELECTOR = YES;
				GCC_WARN_UNINITIALIZED_AUTOS = YES_AGGRESSIVE;
				GCC_WARN_UNUSED_FUNCTION = YES;
				GCC_WARN_UNUSED_VARIABLE = YES;
				IPHONEOS_DEPLOYMENT_TARGET = 11.4;
				MTL_ENABLE_DEBUG_INFO = YES;
				ONLY_ACTIVE_ARCH = YES;
				SDKROOT = iphoneos;
				SWIFT_ACTIVE_COMPILATION_CONDITIONS = DEBUG;
				SWIFT_OPTIMIZATION_LEVEL = "-Onone";
			};
			name = Debug;
		};
		A49FB698213D1FFD00DEFF43 /* Release */ = {
			isa = XCBuildConfiguration;
			buildSettings = {
				ALWAYS_SEARCH_USER_PATHS = NO;
				CLANG_ANALYZER_NONNULL = YES;
				CLANG_ANALYZER_NUMBER_OBJECT_CONVERSION = YES_AGGRESSIVE;
				CLANG_CXX_LANGUAGE_STANDARD = "gnu++14";
				CLANG_CXX_LIBRARY = "libc++";
				CLANG_ENABLE_MODULES = YES;
				CLANG_ENABLE_OBJC_ARC = YES;
				CLANG_ENABLE_OBJC_WEAK = YES;
				CLANG_WARN_BLOCK_CAPTURE_AUTORELEASING = YES;
				CLANG_WARN_BOOL_CONVERSION = YES;
				CLANG_WARN_COMMA = YES;
				CLANG_WARN_CONSTANT_CONVERSION = YES;
				CLANG_WARN_DEPRECATED_OBJC_IMPLEMENTATIONS = YES;
				CLANG_WARN_DIRECT_OBJC_ISA_USAGE = YES_ERROR;
				CLANG_WARN_DOCUMENTATION_COMMENTS = YES;
				CLANG_WARN_EMPTY_BODY = YES;
				CLANG_WARN_ENUM_CONVERSION = YES;
				CLANG_WARN_INFINITE_RECURSION = YES;
				CLANG_WARN_INT_CONVERSION = YES;
				CLANG_WARN_NON_LITERAL_NULL_CONVERSION = YES;
				CLANG_WARN_OBJC_IMPLICIT_RETAIN_SELF = YES;
				CLANG_WARN_OBJC_LITERAL_CONVERSION = YES;
				CLANG_WARN_OBJC_ROOT_CLASS = YES_ERROR;
				CLANG_WARN_RANGE_LOOP_ANALYSIS = YES;
				CLANG_WARN_STRICT_PROTOTYPES = YES;
				CLANG_WARN_SUSPICIOUS_MOVE = YES;
				CLANG_WARN_UNGUARDED_AVAILABILITY = YES_AGGRESSIVE;
				CLANG_WARN_UNREACHABLE_CODE = YES;
				CLANG_WARN__DUPLICATE_METHOD_MATCH = YES;
				CODE_SIGN_IDENTITY = "iPhone Developer";
				COPY_PHASE_STRIP = NO;
				DEBUG_INFORMATION_FORMAT = "dwarf-with-dsym";
				ENABLE_NS_ASSERTIONS = NO;
				ENABLE_STRICT_OBJC_MSGSEND = YES;
				GCC_C_LANGUAGE_STANDARD = gnu11;
				GCC_NO_COMMON_BLOCKS = YES;
				GCC_WARN_64_TO_32_BIT_CONVERSION = YES;
				GCC_WARN_ABOUT_RETURN_TYPE = YES_ERROR;
				GCC_WARN_UNDECLARED_SELECTOR = YES;
				GCC_WARN_UNINITIALIZED_AUTOS = YES_AGGRESSIVE;
				GCC_WARN_UNUSED_FUNCTION = YES;
				GCC_WARN_UNUSED_VARIABLE = YES;
				IPHONEOS_DEPLOYMENT_TARGET = 11.4;
				MTL_ENABLE_DEBUG_INFO = NO;
				SDKROOT = iphoneos;
				SWIFT_COMPILATION_MODE = wholemodule;
				SWIFT_OPTIMIZATION_LEVEL = "-O";
				VALIDATE_PRODUCT = YES;
			};
			name = Release;
		};
		A49FB69A213D1FFD00DEFF43 /* Debug */ = {
			isa = XCBuildConfiguration;
			buildSettings = {
				ASSETCATALOG_COMPILER_APPICON_NAME = AppIcon;
				CODE_SIGN_STYLE = Automatic;
				INFOPLIST_FILE = "Tumblr-Feed_CodePath/Info.plist";
				LD_RUNPATH_SEARCH_PATHS = (
					"$(inherited)",
					"@executable_path/Frameworks",
				);
				PRODUCT_BUNDLE_IDENTIFIER = "g--.Tumblr-Feed-CodePath";
				PRODUCT_NAME = "$(TARGET_NAME)";
				SWIFT_VERSION = 4.0;
				TARGETED_DEVICE_FAMILY = "1,2";
			};
			name = Debug;
		};
		A49FB69B213D1FFD00DEFF43 /* Release */ = {
			isa = XCBuildConfiguration;
			buildSettings = {
				ASSETCATALOG_COMPILER_APPICON_NAME = AppIcon;
				CODE_SIGN_STYLE = Automatic;
				INFOPLIST_FILE = "Tumblr-Feed_CodePath/Info.plist";
				LD_RUNPATH_SEARCH_PATHS = (
					"$(inherited)",
					"@executable_path/Frameworks",
				);
				PRODUCT_BUNDLE_IDENTIFIER = "g--.Tumblr-Feed-CodePath";
				PRODUCT_NAME = "$(TARGET_NAME)";
				SWIFT_VERSION = 4.0;
				TARGETED_DEVICE_FAMILY = "1,2";
			};
			name = Release;
		};
		A49FB69D213D1FFD00DEFF43 /* Debug */ = {
			isa = XCBuildConfiguration;
			buildSettings = {
				ALWAYS_EMBED_SWIFT_STANDARD_LIBRARIES = YES;
				BUNDLE_LOADER = "$(TEST_HOST)";
				CODE_SIGN_STYLE = Automatic;
				INFOPLIST_FILE = "Tumblr-Feed_CodePathTests/Info.plist";
				LD_RUNPATH_SEARCH_PATHS = (
					"$(inherited)",
					"@executable_path/Frameworks",
					"@loader_path/Frameworks",
				);
				PRODUCT_BUNDLE_IDENTIFIER = "g--.Tumblr-Feed-CodePathTests";
				PRODUCT_NAME = "$(TARGET_NAME)";
				SWIFT_VERSION = 4.0;
				TARGETED_DEVICE_FAMILY = "1,2";
				TEST_HOST = "$(BUILT_PRODUCTS_DIR)/Tumblr-Feed_CodePath.app/Tumblr-Feed_CodePath";
			};
			name = Debug;
		};
		A49FB69E213D1FFD00DEFF43 /* Release */ = {
			isa = XCBuildConfiguration;
			buildSettings = {
				ALWAYS_EMBED_SWIFT_STANDARD_LIBRARIES = YES;
				BUNDLE_LOADER = "$(TEST_HOST)";
				CODE_SIGN_STYLE = Automatic;
				INFOPLIST_FILE = "Tumblr-Feed_CodePathTests/Info.plist";
				LD_RUNPATH_SEARCH_PATHS = (
					"$(inherited)",
					"@executable_path/Frameworks",
					"@loader_path/Frameworks",
				);
				PRODUCT_BUNDLE_IDENTIFIER = "g--.Tumblr-Feed-CodePathTests";
				PRODUCT_NAME = "$(TARGET_NAME)";
				SWIFT_VERSION = 4.0;
				TARGETED_DEVICE_FAMILY = "1,2";
				TEST_HOST = "$(BUILT_PRODUCTS_DIR)/Tumblr-Feed_CodePath.app/Tumblr-Feed_CodePath";
			};
			name = Release;
		};
		A49FB6A0213D1FFD00DEFF43 /* Debug */ = {
			isa = XCBuildConfiguration;
			buildSettings = {
				ALWAYS_EMBED_SWIFT_STANDARD_LIBRARIES = YES;
				CODE_SIGN_STYLE = Automatic;
				INFOPLIST_FILE = "Tumblr-Feed_CodePathUITests/Info.plist";
				LD_RUNPATH_SEARCH_PATHS = (
					"$(inherited)",
					"@executable_path/Frameworks",
					"@loader_path/Frameworks",
				);
				PRODUCT_BUNDLE_IDENTIFIER = "g--.Tumblr-Feed-CodePathUITests";
				PRODUCT_NAME = "$(TARGET_NAME)";
				SWIFT_VERSION = 4.0;
				TARGETED_DEVICE_FAMILY = "1,2";
				TEST_TARGET_NAME = "Tumblr-Feed_CodePath";
			};
			name = Debug;
		};
		A49FB6A1213D1FFD00DEFF43 /* Release */ = {
			isa = XCBuildConfiguration;
			buildSettings = {
				ALWAYS_EMBED_SWIFT_STANDARD_LIBRARIES = YES;
				CODE_SIGN_STYLE = Automatic;
				INFOPLIST_FILE = "Tumblr-Feed_CodePathUITests/Info.plist";
				LD_RUNPATH_SEARCH_PATHS = (
					"$(inherited)",
					"@executable_path/Frameworks",
					"@loader_path/Frameworks",
				);
				PRODUCT_BUNDLE_IDENTIFIER = "g--.Tumblr-Feed-CodePathUITests";
				PRODUCT_NAME = "$(TARGET_NAME)";
				SWIFT_VERSION = 4.0;
				TARGETED_DEVICE_FAMILY = "1,2";
				TEST_TARGET_NAME = "Tumblr-Feed_CodePath";
			};
			name = Release;
		};
/* End XCBuildConfiguration section */

/* Begin XCConfigurationList section */
		A49FB66C213D1FFB00DEFF43 /* Build configuration list for PBXProject "Tumblr-Feed_CodePath" */ = {
			isa = XCConfigurationList;
			buildConfigurations = (
				A49FB697213D1FFD00DEFF43 /* Debug */,
				A49FB698213D1FFD00DEFF43 /* Release */,
			);
			defaultConfigurationIsVisible = 0;
			defaultConfigurationName = Release;
		};
		A49FB699213D1FFD00DEFF43 /* Build configuration list for PBXNativeTarget "Tumblr-Feed_CodePath" */ = {
			isa = XCConfigurationList;
			buildConfigurations = (
				A49FB69A213D1FFD00DEFF43 /* Debug */,
				A49FB69B213D1FFD00DEFF43 /* Release */,
			);
			defaultConfigurationIsVisible = 0;
			defaultConfigurationName = Release;
		};
		A49FB69C213D1FFD00DEFF43 /* Build configuration list for PBXNativeTarget "Tumblr-Feed_CodePathTests" */ = {
			isa = XCConfigurationList;
			buildConfigurations = (
				A49FB69D213D1FFD00DEFF43 /* Debug */,
				A49FB69E213D1FFD00DEFF43 /* Release */,
			);
			defaultConfigurationIsVisible = 0;
			defaultConfigurationName = Release;
		};
		A49FB69F213D1FFD00DEFF43 /* Build configuration list for PBXNativeTarget "Tumblr-Feed_CodePathUITests" */ = {
			isa = XCConfigurationList;
			buildConfigurations = (
				A49FB6A0213D1FFD00DEFF43 /* Debug */,
				A49FB6A1213D1FFD00DEFF43 /* Release */,
			);
			defaultConfigurationIsVisible = 0;
			defaultConfigurationName = Release;
		};
/* End XCConfigurationList section */
	};
	rootObject = A49FB669213D1FFB00DEFF43 /* Project object */;
}
